
Microsoft Visual Studio Solution File, Format Version 12.00
# Visual Studio Version 16
VisualStudioVersion = 16.0.31321.278
MinimumVisualStudioVersion = 10.0.40219.1
Project("{9A19103F-16F7-4668-BE54-9A1E7A4F7556}") = "WFM.WEB", "WFM.WEB\WFM.WEB.csproj", "{4517F2EA-A6F0-4E62-8E16-713B5AD4275F}"
	ProjectSection(ProjectDependencies) = postProject
		{68397D18-5D74-4661-A35C-13AAD2421290} = {68397D18-5D74-4661-A35C-13AAD2421290}
		{469D3C48-9AA8-4C9F-BD46-C27B7DEB8819} = {469D3C48-9AA8-4C9F-BD46-C27B7DEB8819}
		{5DDD3A68-5BD3-45EB-A3DA-192DFB01B372} = {5DDD3A68-5BD3-45EB-A3DA-192DFB01B372}
	EndProjectSection
EndProject
Project("{9A19103F-16F7-4668-BE54-9A1E7A4F7556}") = "WFM.BLL", "WFM.BLL\WFM.BLL.csproj", "{5DDD3A68-5BD3-45EB-A3DA-192DFB01B372}"
EndProject
Project("{9A19103F-16F7-4668-BE54-9A1E7A4F7556}") = "WFM.DAL", "WFM.DAL\WFM.DAL.csproj", "{68397D18-5D74-4661-A35C-13AAD2421290}"
EndProject
Project("{9A19103F-16F7-4668-BE54-9A1E7A4F7556}") = "WFM.Models", "WFM.Models\WFM.Models.csproj", "{469D3C48-9AA8-4C9F-BD46-C27B7DEB8819}"
EndProject
Project("{2150E333-8FDC-42A3-9474-1A3956D46DE8}") = "Tests", "Tests", "{D0BFAAC7-2904-426F-A34C-7BCF6AC546DB}"
EndProject
Project("{9A19103F-16F7-4668-BE54-9A1E7A4F7556}") = "WFM.BLL.UnitTests", "WFM.BLL.UnitTests\WFM.BLL.UnitTests.csproj", "{CFE3E054-3FD2-4A7F-B81B-4BBB76A623C1}"
EndProject
Project("{9A19103F-16F7-4668-BE54-9A1E7A4F7556}") = "WFM.Common", "WFM.Common\WFM.Common.csproj", "{507B8BE8-50DB-43B2-89BD-8BC07D6BA8F9}"
EndProject
Project("{FAE04EC0-301F-11D3-BF4B-00C04F79EFBC}") = "WFM.WEB.UnitTests", "WFM.WEB.UnitTests\WFM.WEB.UnitTests.csproj", "{FCAE75B2-8E3F-480D-A0A2-943E0343B308}"
EndProject
Global
	GlobalSection(SolutionConfigurationPlatforms) = preSolution
		Debug|Any CPU = Debug|Any CPU
		Release|Any CPU = Release|Any CPU
	EndGlobalSection
	GlobalSection(ProjectConfigurationPlatforms) = postSolution
		{4517F2EA-A6F0-4E62-8E16-713B5AD4275F}.Debug|Any CPU.ActiveCfg = Debug|Any CPU
		{4517F2EA-A6F0-4E62-8E16-713B5AD4275F}.Debug|Any CPU.Build.0 = Debug|Any CPU
		{4517F2EA-A6F0-4E62-8E16-713B5AD4275F}.Release|Any CPU.ActiveCfg = Release|Any CPU
		{4517F2EA-A6F0-4E62-8E16-713B5AD4275F}.Release|Any CPU.Build.0 = Release|Any CPU
		{5DDD3A68-5BD3-45EB-A3DA-192DFB01B372}.Debug|Any CPU.ActiveCfg = Debug|Any CPU
		{5DDD3A68-5BD3-45EB-A3DA-192DFB01B372}.Debug|Any CPU.Build.0 = Debug|Any CPU
		{5DDD3A68-5BD3-45EB-A3DA-192DFB01B372}.Release|Any CPU.ActiveCfg = Release|Any CPU
		{5DDD3A68-5BD3-45EB-A3DA-192DFB01B372}.Release|Any CPU.Build.0 = Release|Any CPU
		{68397D18-5D74-4661-A35C-13AAD2421290}.Debug|Any CPU.ActiveCfg = Debug|Any CPU
		{68397D18-5D74-4661-A35C-13AAD2421290}.Debug|Any CPU.Build.0 = Debug|Any CPU
		{68397D18-5D74-4661-A35C-13AAD2421290}.Release|Any CPU.ActiveCfg = Release|Any CPU
		{68397D18-5D74-4661-A35C-13AAD2421290}.Release|Any CPU.Build.0 = Release|Any CPU
		{469D3C48-9AA8-4C9F-BD46-C27B7DEB8819}.Debug|Any CPU.ActiveCfg = Debug|Any CPU
		{469D3C48-9AA8-4C9F-BD46-C27B7DEB8819}.Debug|Any CPU.Build.0 = Debug|Any CPU
		{469D3C48-9AA8-4C9F-BD46-C27B7DEB8819}.Release|Any CPU.ActiveCfg = Release|Any CPU
		{469D3C48-9AA8-4C9F-BD46-C27B7DEB8819}.Release|Any CPU.Build.0 = Release|Any CPU
		{CFE3E054-3FD2-4A7F-B81B-4BBB76A623C1}.Debug|Any CPU.ActiveCfg = Debug|Any CPU
		{CFE3E054-3FD2-4A7F-B81B-4BBB76A623C1}.Debug|Any CPU.Build.0 = Debug|Any CPU
		{CFE3E054-3FD2-4A7F-B81B-4BBB76A623C1}.Release|Any CPU.ActiveCfg = Release|Any CPU
		{CFE3E054-3FD2-4A7F-B81B-4BBB76A623C1}.Release|Any CPU.Build.0 = Release|Any CPU
		{507B8BE8-50DB-43B2-89BD-8BC07D6BA8F9}.Debug|Any CPU.ActiveCfg = Debug|Any CPU
		{507B8BE8-50DB-43B2-89BD-8BC07D6BA8F9}.Debug|Any CPU.Build.0 = Debug|Any CPU
		{507B8BE8-50DB-43B2-89BD-8BC07D6BA8F9}.Release|Any CPU.ActiveCfg = Release|Any CPU
		{507B8BE8-50DB-43B2-89BD-8BC07D6BA8F9}.Release|Any CPU.Build.0 = Release|Any CPU
		{FCAE75B2-8E3F-480D-A0A2-943E0343B308}.Debug|Any CPU.ActiveCfg = Debug|Any CPU
		{FCAE75B2-8E3F-480D-A0A2-943E0343B308}.Debug|Any CPU.Build.0 = Debug|Any CPU
		{FCAE75B2-8E3F-480D-A0A2-943E0343B308}.Release|Any CPU.ActiveCfg = Release|Any CPU
		{FCAE75B2-8E3F-480D-A0A2-943E0343B308}.Release|Any CPU.Build.0 = Release|Any CPU
	EndGlobalSection
	GlobalSection(SolutionProperties) = preSolution
		HideSolutionNode = FALSE
	EndGlobalSection
	GlobalSection(NestedProjects) = preSolution
		{CFE3E054-3FD2-4A7F-B81B-4BBB76A623C1} = {D0BFAAC7-2904-426F-A34C-7BCF6AC546DB}
		{FCAE75B2-8E3F-480D-A0A2-943E0343B308} = {D0BFAAC7-2904-426F-A34C-7BCF6AC546DB}
	EndGlobalSection
	GlobalSection(ExtensibilityGlobals) = postSolution
		SolutionGuid = {E3288A7E-AAEA-4098-84A9-82D131EFC98D}
	EndGlobalSection
EndGlobal
